<?xml version="1.0" encoding="UTF-8" standalone="yes" ?>
<CodeBlocks_project_file>
	<FileVersion major="1" minor="6" />
	<Project>
		<Option title="ModelQT_GUI" />
		<Option pch_mode="2" />
		<Option compiler="gcc" />
		<Build>
			<Target title="Debug">
				<Option output="bin/Debug/ModelQT_GUI" prefix_auto="1" extension_auto="1" />
				<Option object_output="obj/Debug/" />
				<Option type="1" />
				<Option compiler="gcc" />
				<Compiler>
					<Add option="-g" />
				</Compiler>
			</Target>
			<Target title="Release">
				<Option output="bin/Release/ModelQT_GUI" prefix_auto="1" extension_auto="1" />
				<Option object_output="obj/Release/" />
				<Option type="1" />
				<Option compiler="gcc" />
				<Compiler>
					<Add option="-O2" />
				</Compiler>
				<Linker>
					<Add option="-s" />
				</Linker>
			</Target>
		</Build>
		<Compiler>
			<Add option="-Wall" />
		</Compiler>
		<Unit filename="inc/ModelQT_GUI/functionthread.h" />
		<Unit filename="inc/ModelQT_GUI/mainwindow.h" />
		<Unit filename="inc/ModelQT_GUI/moc_functionthread.cxx" />
		<Unit filename="inc/ModelQT_GUI/moc_mainwindow.cxx" />
		<Unit filename="inc/ModelQT_GUI/moc_simpleclass.cxx" />
		<Unit filename="inc/ModelQT_GUI/simpleclass.h" />
		<Unit filename="src/functionthread.cpp" />
		<Unit filename="src/latTest.cpp" />
		<Unit filename="src/main.cpp" />
		<Unit filename="src/mainwindow.cpp" />
		<Unit filename="src/simpleclass.cpp" />
		<Extensions>
			<code_completion />
			<debugger />
		</Extensions>
	</Project>
</CodeBlocks_project_file>
